// !$*UTF8*$!
{
	archiveVersion = 1;
	classes = {
	};
	objectVersion = 54;
	objects = {

/* Begin PBXBuildFile section */
		00E356F31AD99517003FC87E /* ThePeoplesJewelleryTests.m in Sources */ = {isa = PBXBuildFile; fileRef = 00E356F21AD99517003FC87E /* ThePeoplesJewelleryTests.m */; };
		13B07FBC1A68108700A75B9A /* AppDelegate.mm in Sources */ = {isa = PBXBuildFile; fileRef = 13B07FB01A68108700A75B9A /* AppDelegate.mm */; };
		13B07FBF1A68108700A75B9A /* Images.xcassets in Resources */ = {isa = PBXBuildFile; fileRef = 13B07FB51A68108700A75B9A /* Images.xcassets */; };
		13B07FC11A68108700A75B9A /* main.m in Sources */ = {isa = PBXBuildFile; fileRef = 13B07FB71A68108700A75B9A /* main.m */; };
		81AB9BB82411601600AC10FF /* LaunchScreen.storyboard in Resources */ = {isa = PBXBuildFile; fileRef = 81AB9BB72411601600AC10FF /* LaunchScreen.storyboard */; };
		93411CA9C2C77A23499EDCD5 /* libPods-ThePeoplesJewellery-ThePeoplesJewelleryTests.a in Frameworks */ = {isa = PBXBuildFile; fileRef = 6E53E89D4721149F09959E67 /* libPods-ThePeoplesJewellery-ThePeoplesJewelleryTests.a */; };
		CEE336E576A7DBDE6E21F112 /* libPods-ThePeoplesJewellery.a in Frameworks */ = {isa = PBXBuildFile; fileRef = 04908B62B4F7FFEE19C4F042 /* libPods-ThePeoplesJewellery.a */; };
		BCD6F97091C74D389026D3B1 /* AntDesign.ttf in Resources */ = {isa = PBXBuildFile; fileRef = 7B6022A51D894942B2406A76 /* AntDesign.ttf */; };
		58DB0E55854D4950B90BFD93 /* Entypo.ttf in Resources */ = {isa = PBXBuildFile; fileRef = 129874270ABB487BBFE74C90 /* Entypo.ttf */; };
		4A9C4C994A8F4E17BD408F2F /* EvilIcons.ttf in Resources */ = {isa = PBXBuildFile; fileRef = 5E423FE9C31D48CF9E982A89 /* EvilIcons.ttf */; };
		D2B9C9CA8BAE4CAFA1E76AEF /* Feather.ttf in Resources */ = {isa = PBXBuildFile; fileRef = AEF8C722E2074A0894557DD3 /* Feather.ttf */; };
		93BFB757131048C38CD69076 /* FontAwesome.ttf in Resources */ = {isa = PBXBuildFile; fileRef = 82BB69C47A0B40758C280E0B /* FontAwesome.ttf */; };
		B619CF0C19C84C1FAA5C256F /* FontAwesome5_Brands.ttf in Resources */ = {isa = PBXBuildFile; fileRef = 6850AB781268463681AF8F9B /* FontAwesome5_Brands.ttf */; };
		4F5925D4AAC44372AAE2F831 /* FontAwesome5_Regular.ttf in Resources */ = {isa = PBXBuildFile; fileRef = 53E649B8A4704214904E870A /* FontAwesome5_Regular.ttf */; };
		508AB0A7B57C430187C00B22 /* FontAwesome5_Solid.ttf in Resources */ = {isa = PBXBuildFile; fileRef = 844B5950B1524A91B5C8F89F /* FontAwesome5_Solid.ttf */; };
		9DEE71FC357D4CD7A1E0E5C6 /* Fontisto.ttf in Resources */ = {isa = PBXBuildFile; fileRef = B5C9B54EEA59474CAE9EEE4B /* Fontisto.ttf */; };
		42B3C5D7951541D4B1C2375F /* Foundation.ttf in Resources */ = {isa = PBXBuildFile; fileRef = 9ED6DFA8D30344FA96E16E77 /* Foundation.ttf */; };
		3A92A43D5C814682BF241408 /* Ionicons.ttf in Resources */ = {isa = PBXBuildFile; fileRef = 996E6C52E5A64BB991C828EE /* Ionicons.ttf */; };
		3945E688A0D948ABA67035E2 /* MaterialCommunityIcons.ttf in Resources */ = {isa = PBXBuildFile; fileRef = 7858C3C80CFC473391271DA2 /* MaterialCommunityIcons.ttf */; };
		B757BA9C28B549A59E456C4B /* MaterialIcons.ttf in Resources */ = {isa = PBXBuildFile; fileRef = 5DB8BFBA2DAD4D7D89C992A5 /* MaterialIcons.ttf */; };
		72EC6145CF634012A99FFFD1 /* Montserrat-Black.ttf in Resources */ = {isa = PBXBuildFile; fileRef = EBE41E4502814B43B115E970 /* Montserrat-Black.ttf */; };
		258EB0408F654C0C8F6C89CC /* Montserrat-BlackItalic.ttf in Resources */ = {isa = PBXBuildFile; fileRef = 1D7EEADD017C4C3EA0753174 /* Montserrat-BlackItalic.ttf */; };
		4FA38D6C469D4781B28F1CAD /* Montserrat-Bold.ttf in Resources */ = {isa = PBXBuildFile; fileRef = 2B9A8E28B0D54750999B5D62 /* Montserrat-Bold.ttf */; };
		00F52CF33EB642A8AEA2517A /* Montserrat-BoldItalic.ttf in Resources */ = {isa = PBXBuildFile; fileRef = 31F687248CBE41F183692D48 /* Montserrat-BoldItalic.ttf */; };
		EBC662743C914D6AB44925F1 /* Montserrat-ExtraBold.ttf in Resources */ = {isa = PBXBuildFile; fileRef = 3BAFB836B1AA4E9E99E7E1CA /* Montserrat-ExtraBold.ttf */; };
		6265BE182B9745938EB7878C /* Montserrat-ExtraBoldItalic.ttf in Resources */ = {isa = PBXBuildFile; fileRef = 9B8F8676CF8C44DAA223F9F3 /* Montserrat-ExtraBoldItalic.ttf */; };
		B82ACE387ED24D1680C96DC6 /* Montserrat-ExtraLight.ttf in Resources */ = {isa = PBXBuildFile; fileRef = E819CE68B4C2474AB87BA062 /* Montserrat-ExtraLight.ttf */; };
		D830452AB08648A2888FCDE2 /* Montserrat-ExtraLightItalic.ttf in Resources */ = {isa = PBXBuildFile; fileRef = 274E254982134E97A81F5BA3 /* Montserrat-ExtraLightItalic.ttf */; };
		5F36E8A9121946D2BB203FD7 /* Montserrat-Italic.ttf in Resources */ = {isa = PBXBuildFile; fileRef = 64268C922180495DB203C9CF /* Montserrat-Italic.ttf */; };
		DE669BD9A9D745C5A116A0B1 /* Montserrat-Light.ttf in Resources */ = {isa = PBXBuildFile; fileRef = 4705290E26884881AE5CE79B /* Montserrat-Light.ttf */; };
		F16351ED08D94D43A8377C80 /* Montserrat-LightItalic.ttf in Resources */ = {isa = PBXBuildFile; fileRef = B86900EC99804117A0898564 /* Montserrat-LightItalic.ttf */; };
		B28F483222204581A0EFFAEA /* Montserrat-Medium.ttf in Resources */ = {isa = PBXBuildFile; fileRef = A774609D70014107A71764CC /* Montserrat-Medium.ttf */; };
		B87E6DD3E8D748A1AA3AEEFA /* Montserrat-MediumItalic.ttf in Resources */ = {isa = PBXBuildFile; fileRef = 61ED3C2FDF0A43A7B346A1F8 /* Montserrat-MediumItalic.ttf */; };
		90E14F521A7C4700B586B519 /* Montserrat-Regular.ttf in Resources */ = {isa = PBXBuildFile; fileRef = B936E579A458477190843E35 /* Montserrat-Regular.ttf */; };
		5F35A5A17B004B99AB7844D4 /* Montserrat-SemiBold.ttf in Resources */ = {isa = PBXBuildFile; fileRef = 81D256FC275E4BA793401994 /* Montserrat-SemiBold.ttf */; };
		B4BDAF13EF774F38A2C42EBD /* Montserrat-SemiBoldItalic.ttf in Resources */ = {isa = PBXBuildFile; fileRef = F8EB91EB238F44B2BE40DCAF /* Montserrat-SemiBoldItalic.ttf */; };
		81FAA359E2B046B5A3157C2D /* Montserrat-Thin.ttf in Resources */ = {isa = PBXBuildFile; fileRef = 5F4E4B647A394397926C1BF4 /* Montserrat-Thin.ttf */; };
		04E8BE410C444068A0779E1F /* Montserrat-ThinItalic.ttf in Resources */ = {isa = PBXBuildFile; fileRef = B92463A9948F41D8A2FAA99B /* Montserrat-ThinItalic.ttf */; };
		A4C2EEB7F7FF45158A8AB182 /* Octicons.ttf in Resources */ = {isa = PBXBuildFile; fileRef = 97CC7FCBFEA24CDD9A7DA55E /* Octicons.ttf */; };
		458B9BC19FDE48E1B08F81DF /* SimpleLineIcons.ttf in Resources */ = {isa = PBXBuildFile; fileRef = D928304613614B5F92DC78AB /* SimpleLineIcons.ttf */; };
		DBE08557BD614B2EAA9D1430 /* Zocial.ttf in Resources */ = {isa = PBXBuildFile; fileRef = AAC2BADA7DAB41C09D43EEBA /* Zocial.ttf */; };
/* End PBXBuildFile section */

/* Begin PBXContainerItemProxy section */
		00E356F41AD99517003FC87E /* PBXContainerItemProxy */ = {
			isa = PBXContainerItemProxy;
			containerPortal = 83CBB9F71A601CBA00E9B192 /* Project object */;
			proxyType = 1;
			remoteGlobalIDString = 13B07F861A680F5B00A75B9A;
			remoteInfo = ThePeoplesJewellery;
		};
/* End PBXContainerItemProxy section */

/* Begin PBXFileReference section */
		00E356EE1AD99517003FC87E /* ThePeoplesJewelleryTests.xctest */ = {isa = PBXFileReference; explicitFileType = wrapper.cfbundle; includeInIndex = 0; path = ThePeoplesJewelleryTests.xctest; sourceTree = BUILT_PRODUCTS_DIR; };
		00E356F11AD99517003FC87E /* Info.plist */ = {isa = PBXFileReference; lastKnownFileType = text.plist.xml; path = Info.plist; sourceTree = "<group>"; };
		00E356F21AD99517003FC87E /* ThePeoplesJewelleryTests.m */ = {isa = PBXFileReference; lastKnownFileType = sourcecode.c.objc; path = ThePeoplesJewelleryTests.m; sourceTree = "<group>"; };
		02148A1A4846460388A86FA9 /* AntDesign.ttf */ = {isa = PBXFileReference; explicitFileType = undefined; fileEncoding = 9; includeInIndex = 0; lastKnownFileType = unknown; name = AntDesign.ttf; path = "../node_modules/react-native-vector-icons/Fonts/AntDesign.ttf"; sourceTree = "<group>"; };
		04908B62B4F7FFEE19C4F042 /* libPods-ThePeoplesJewellery.a */ = {isa = PBXFileReference; explicitFileType = archive.ar; includeInIndex = 0; path = "libPods-ThePeoplesJewellery.a"; sourceTree = BUILT_PRODUCTS_DIR; };
		04C85FF21F1E4F12990E34CF /* Montserrat-Regular.ttf */ = {isa = PBXFileReference; explicitFileType = undefined; fileEncoding = 9; includeInIndex = 0; lastKnownFileType = unknown; name = "Montserrat-Regular.ttf"; path = "../assests/fonts/Montserrat-Regular.ttf"; sourceTree = "<group>"; };
		0951DC03794749BDBA35C1F4 /* Montserrat-ExtraLightItalic.ttf */ = {isa = PBXFileReference; explicitFileType = undefined; fileEncoding = 9; includeInIndex = 0; lastKnownFileType = unknown; name = "Montserrat-ExtraLightItalic.ttf"; path = "../assests/fonts/Montserrat-ExtraLightItalic.ttf"; sourceTree = "<group>"; };
		104AEC7E60EA4C208DFC64A1 /* Montserrat-Medium.ttf */ = {isa = PBXFileReference; explicitFileType = undefined; fileEncoding = 9; includeInIndex = 0; lastKnownFileType = unknown; name = "Montserrat-Medium.ttf"; path = "../assests/fonts/Montserrat-Medium.ttf"; sourceTree = "<group>"; };
		13B07F961A680F5B00A75B9A /* ThePeoplesJewellery.app */ = {isa = PBXFileReference; explicitFileType = wrapper.application; includeInIndex = 0; path = ThePeoplesJewellery.app; sourceTree = BUILT_PRODUCTS_DIR; };
		13B07FAF1A68108700A75B9A /* AppDelegate.h */ = {isa = PBXFileReference; fileEncoding = 4; lastKnownFileType = sourcecode.c.h; name = AppDelegate.h; path = ThePeoplesJewellery/AppDelegate.h; sourceTree = "<group>"; };
		13B07FB01A68108700A75B9A /* AppDelegate.mm */ = {isa = PBXFileReference; fileEncoding = 4; lastKnownFileType = sourcecode.cpp.objcpp; name = AppDelegate.mm; path = ThePeoplesJewellery/AppDelegate.mm; sourceTree = "<group>"; };
		13B07FB51A68108700A75B9A /* Images.xcassets */ = {isa = PBXFileReference; lastKnownFileType = folder.assetcatalog; name = Images.xcassets; path = ThePeoplesJewellery/Images.xcassets; sourceTree = "<group>"; };
		13B07FB61A68108700A75B9A /* Info.plist */ = {isa = PBXFileReference; fileEncoding = 4; lastKnownFileType = text.plist.xml; name = Info.plist; path = ThePeoplesJewellery/Info.plist; sourceTree = "<group>"; };
		13B07FB71A68108700A75B9A /* main.m */ = {isa = PBXFileReference; fileEncoding = 4; lastKnownFileType = sourcecode.c.objc; name = main.m; path = ThePeoplesJewellery/main.m; sourceTree = "<group>"; };
		1B62CF10B355481C913D0FD5 /* Montserrat-BlackItalic.ttf */ = {isa = PBXFileReference; explicitFileType = undefined; fileEncoding = 9; includeInIndex = 0; lastKnownFileType = unknown; name = "Montserrat-BlackItalic.ttf"; path = "../assests/fonts/Montserrat-BlackItalic.ttf"; sourceTree = "<group>"; };
		25850F4E6F4747C0AC4D02C6 /* FontAwesome5_Solid.ttf */ = {isa = PBXFileReference; explicitFileType = undefined; fileEncoding = 9; includeInIndex = 0; lastKnownFileType = unknown; name = FontAwesome5_Solid.ttf; path = "../node_modules/react-native-vector-icons/Fonts/FontAwesome5_Solid.ttf"; sourceTree = "<group>"; };
		2FE42AEC412341E98691AC95 /* Octicons.ttf */ = {isa = PBXFileReference; explicitFileType = undefined; fileEncoding = 9; includeInIndex = 0; lastKnownFileType = unknown; name = Octicons.ttf; path = "../node_modules/react-native-vector-icons/Fonts/Octicons.ttf"; sourceTree = "<group>"; };
		3489DCFFA67747C68BD105B5 /* Montserrat-Light.ttf */ = {isa = PBXFileReference; explicitFileType = undefined; fileEncoding = 9; includeInIndex = 0; lastKnownFileType = unknown; name = "Montserrat-Light.ttf"; path = "../assests/fonts/Montserrat-Light.ttf"; sourceTree = "<group>"; };
		46E1C507E9ED400BB4C184EF /* FontAwesome.ttf */ = {isa = PBXFileReference; explicitFileType = undefined; fileEncoding = 9; includeInIndex = 0; lastKnownFileType = unknown; name = FontAwesome.ttf; path = "../node_modules/react-native-vector-icons/Fonts/FontAwesome.ttf"; sourceTree = "<group>"; };
		4A1DA45CF6CC495B84626244 /* Montserrat-Bold.ttf */ = {isa = PBXFileReference; explicitFileType = undefined; fileEncoding = 9; includeInIndex = 0; lastKnownFileType = unknown; name = "Montserrat-Bold.ttf"; path = "../assests/fonts/Montserrat-Bold.ttf"; sourceTree = "<group>"; };
		4CC0DAC8BFB94210B1DC7466 /* Montserrat-ExtraBold.ttf */ = {isa = PBXFileReference; explicitFileType = undefined; fileEncoding = 9; includeInIndex = 0; lastKnownFileType = unknown; name = "Montserrat-ExtraBold.ttf"; path = "../assests/fonts/Montserrat-ExtraBold.ttf"; sourceTree = "<group>"; };
		4CEB1B4D31894C4E91F6C3E9 /* Montserrat-SemiBold.ttf */ = {isa = PBXFileReference; explicitFileType = undefined; fileEncoding = 9; includeInIndex = 0; lastKnownFileType = unknown; name = "Montserrat-SemiBold.ttf"; path = "../assests/fonts/Montserrat-SemiBold.ttf"; sourceTree = "<group>"; };
		51D10D9F9AE64D5DAB8A5F46 /* Montserrat-ThinItalic.ttf */ = {isa = PBXFileReference; explicitFileType = undefined; fileEncoding = 9; includeInIndex = 0; lastKnownFileType = unknown; name = "Montserrat-ThinItalic.ttf"; path = "../assests/fonts/Montserrat-ThinItalic.ttf"; sourceTree = "<group>"; };
		5AE476BC1E2645BEBC31DF5A /* Montserrat-SemiBoldItalic.ttf */ = {isa = PBXFileReference; explicitFileType = undefined; fileEncoding = 9; includeInIndex = 0; lastKnownFileType = unknown; name = "Montserrat-SemiBoldItalic.ttf"; path = "../assests/fonts/Montserrat-SemiBoldItalic.ttf"; sourceTree = "<group>"; };
		6E53E89D4721149F09959E67 /* libPods-ThePeoplesJewellery-ThePeoplesJewelleryTests.a */ = {isa = PBXFileReference; explicitFileType = archive.ar; includeInIndex = 0; path = "libPods-ThePeoplesJewellery-ThePeoplesJewelleryTests.a"; sourceTree = BUILT_PRODUCTS_DIR; };
		74BC15A403D44074BDE82122 /* Foundation.ttf */ = {isa = PBXFileReference; explicitFileType = undefined; fileEncoding = 9; includeInIndex = 0; lastKnownFileType = unknown; name = Foundation.ttf; path = "../node_modules/react-native-vector-icons/Fonts/Foundation.ttf"; sourceTree = "<group>"; };
		7F0764D5AF214A768F803485 /* FontAwesome5_Regular.ttf */ = {isa = PBXFileReference; explicitFileType = undefined; fileEncoding = 9; includeInIndex = 0; lastKnownFileType = unknown; name = FontAwesome5_Regular.ttf; path = "../node_modules/react-native-vector-icons/Fonts/FontAwesome5_Regular.ttf"; sourceTree = "<group>"; };
		7F3639C9A1BE4D7687D987BD /* SimpleLineIcons.ttf */ = {isa = PBXFileReference; explicitFileType = undefined; fileEncoding = 9; includeInIndex = 0; lastKnownFileType = unknown; name = SimpleLineIcons.ttf; path = "../node_modules/react-native-vector-icons/Fonts/SimpleLineIcons.ttf"; sourceTree = "<group>"; };
		81AB9BB72411601600AC10FF /* LaunchScreen.storyboard */ = {isa = PBXFileReference; fileEncoding = 4; lastKnownFileType = file.storyboard; name = LaunchScreen.storyboard; path = ThePeoplesJewellery/LaunchScreen.storyboard; sourceTree = "<group>"; };
		83093805C3054A3D8FF6C91C /* MaterialIcons.ttf */ = {isa = PBXFileReference; explicitFileType = undefined; fileEncoding = 9; includeInIndex = 0; lastKnownFileType = unknown; name = MaterialIcons.ttf; path = "../node_modules/react-native-vector-icons/Fonts/MaterialIcons.ttf"; sourceTree = "<group>"; };
		836E3B93C8E84C3C95A37432 /* MaterialCommunityIcons.ttf */ = {isa = PBXFileReference; explicitFileType = undefined; fileEncoding = 9; includeInIndex = 0; lastKnownFileType = unknown; name = MaterialCommunityIcons.ttf; path = "../node_modules/react-native-vector-icons/Fonts/MaterialCommunityIcons.ttf"; sourceTree = "<group>"; };
		86EA00AA963E4BBAB4563D6C /* Montserrat-ExtraBoldItalic.ttf */ = {isa = PBXFileReference; explicitFileType = undefined; fileEncoding = 9; includeInIndex = 0; lastKnownFileType = unknown; name = "Montserrat-ExtraBoldItalic.ttf"; path = "../assests/fonts/Montserrat-ExtraBoldItalic.ttf"; sourceTree = "<group>"; };
		899EFCB837524E2180ED19F1 /* Montserrat-MediumItalic.ttf */ = {isa = PBXFileReference; explicitFileType = undefined; fileEncoding = 9; includeInIndex = 0; lastKnownFileType = unknown; name = "Montserrat-MediumItalic.ttf"; path = "../assests/fonts/Montserrat-MediumItalic.ttf"; sourceTree = "<group>"; };
		8A32DBFC83684991ACDEFFE7 /* Ionicons.ttf */ = {isa = PBXFileReference; explicitFileType = undefined; fileEncoding = 9; includeInIndex = 0; lastKnownFileType = unknown; name = Ionicons.ttf; path = "../node_modules/react-native-vector-icons/Fonts/Ionicons.ttf"; sourceTree = "<group>"; };
		965A485A971D4CCD9D89903C /* Montserrat-Thin.ttf */ = {isa = PBXFileReference; explicitFileType = undefined; fileEncoding = 9; includeInIndex = 0; lastKnownFileType = unknown; name = "Montserrat-Thin.ttf"; path = "../assests/fonts/Montserrat-Thin.ttf"; sourceTree = "<group>"; };
		98AE39FC80994FCDA29F97D1 /* Fontisto.ttf */ = {isa = PBXFileReference; explicitFileType = undefined; fileEncoding = 9; includeInIndex = 0; lastKnownFileType = unknown; name = Fontisto.ttf; path = "../node_modules/react-native-vector-icons/Fonts/Fontisto.ttf"; sourceTree = "<group>"; };
		A54C0399710E409ABF375578 /* Montserrat-BoldItalic.ttf */ = {isa = PBXFileReference; explicitFileType = undefined; fileEncoding = 9; includeInIndex = 0; lastKnownFileType = unknown; name = "Montserrat-BoldItalic.ttf"; path = "../assests/fonts/Montserrat-BoldItalic.ttf"; sourceTree = "<group>"; };
		A676BB7A880C442A872115C8 /* Montserrat-Italic.ttf */ = {isa = PBXFileReference; explicitFileType = undefined; fileEncoding = 9; includeInIndex = 0; lastKnownFileType = unknown; name = "Montserrat-Italic.ttf"; path = "../assests/fonts/Montserrat-Italic.ttf"; sourceTree = "<group>"; };
		ABD7A7EB58E214C7BECAEDA4 /* Pods-ThePeoplesJewellery-ThePeoplesJewelleryTests.debug.xcconfig */ = {isa = PBXFileReference; includeInIndex = 1; lastKnownFileType = text.xcconfig; name = "Pods-ThePeoplesJewellery-ThePeoplesJewelleryTests.debug.xcconfig"; path = "Target Support Files/Pods-ThePeoplesJewellery-ThePeoplesJewelleryTests/Pods-ThePeoplesJewellery-ThePeoplesJewelleryTests.debug.xcconfig"; sourceTree = "<group>"; };
		BCF9D4AA8D7F4D0CB0D6A685 /* Montserrat-Black.ttf */ = {isa = PBXFileReference; explicitFileType = undefined; fileEncoding = 9; includeInIndex = 0; lastKnownFileType = unknown; name = "Montserrat-Black.ttf"; path = "../assests/fonts/Montserrat-Black.ttf"; sourceTree = "<group>"; };
		D2E25815054148098CD9ED9F /* EvilIcons.ttf */ = {isa = PBXFileReference; explicitFileType = undefined; fileEncoding = 9; includeInIndex = 0; lastKnownFileType = unknown; name = EvilIcons.ttf; path = "../node_modules/react-native-vector-icons/Fonts/EvilIcons.ttf"; sourceTree = "<group>"; };
		D360325CBB47499DB283C559 /* FontAwesome5_Brands.ttf */ = {isa = PBXFileReference; explicitFileType = undefined; fileEncoding = 9; includeInIndex = 0; lastKnownFileType = unknown; name = FontAwesome5_Brands.ttf; path = "../node_modules/react-native-vector-icons/Fonts/FontAwesome5_Brands.ttf"; sourceTree = "<group>"; };
		D3E2268A97174CA9806C98B1 /* Pods-ThePeoplesJewellery.debug.xcconfig */ = {isa = PBXFileReference; includeInIndex = 1; lastKnownFileType = text.xcconfig; name = "Pods-ThePeoplesJewellery.debug.xcconfig"; path = "Target Support Files/Pods-ThePeoplesJewellery/Pods-ThePeoplesJewellery.debug.xcconfig"; sourceTree = "<group>"; };
		DB74E19310294678864D35BF /* Montserrat-ExtraLight.ttf */ = {isa = PBXFileReference; explicitFileType = undefined; fileEncoding = 9; includeInIndex = 0; lastKnownFileType = unknown; name = "Montserrat-ExtraLight.ttf"; path = "../assests/fonts/Montserrat-ExtraLight.ttf"; sourceTree = "<group>"; };
		E334A3FC86384B8B8524D02D /* Entypo.ttf */ = {isa = PBXFileReference; explicitFileType = undefined; fileEncoding = 9; includeInIndex = 0; lastKnownFileType = unknown; name = Entypo.ttf; path = "../node_modules/react-native-vector-icons/Fonts/Entypo.ttf"; sourceTree = "<group>"; };
		E5D5C0FCC496484E818EF2B5 /* Montserrat-LightItalic.ttf */ = {isa = PBXFileReference; explicitFileType = undefined; fileEncoding = 9; includeInIndex = 0; lastKnownFileType = unknown; name = "Montserrat-LightItalic.ttf"; path = "../assests/fonts/Montserrat-LightItalic.ttf"; sourceTree = "<group>"; };
		ED297162215061F000B7C4FE /* JavaScriptCore.framework */ = {isa = PBXFileReference; lastKnownFileType = wrapper.framework; name = JavaScriptCore.framework; path = System/Library/Frameworks/JavaScriptCore.framework; sourceTree = SDKROOT; };
		F259C825D40A442988AA596B /* Feather.ttf */ = {isa = PBXFileReference; explicitFileType = undefined; fileEncoding = 9; includeInIndex = 0; lastKnownFileType = unknown; name = Feather.ttf; path = "../node_modules/react-native-vector-icons/Fonts/Feather.ttf"; sourceTree = "<group>"; };
		FD32744C0D484038BBB3AEC9 /* Zocial.ttf */ = {isa = PBXFileReference; explicitFileType = undefined; fileEncoding = 9; includeInIndex = 0; lastKnownFileType = unknown; name = Zocial.ttf; path = "../node_modules/react-native-vector-icons/Fonts/Zocial.ttf"; sourceTree = "<group>"; };
		FE6F7860B66E9DA832664EC4 /* Pods-ThePeoplesJewellery-ThePeoplesJewelleryTests.release.xcconfig */ = {isa = PBXFileReference; includeInIndex = 1; lastKnownFileType = text.xcconfig; name = "Pods-ThePeoplesJewellery-ThePeoplesJewelleryTests.release.xcconfig"; path = "Target Support Files/Pods-ThePeoplesJewellery-ThePeoplesJewelleryTests/Pods-ThePeoplesJewellery-ThePeoplesJewelleryTests.release.xcconfig"; sourceTree = "<group>"; };
		FF8DEE6452E13B6CCE7C5403 /* Pods-ThePeoplesJewellery.release.xcconfig */ = {isa = PBXFileReference; includeInIndex = 1; lastKnownFileType = text.xcconfig; name = "Pods-ThePeoplesJewellery.release.xcconfig"; path = "Target Support Files/Pods-ThePeoplesJewellery/Pods-ThePeoplesJewellery.release.xcconfig"; sourceTree = "<group>"; };
		7B6022A51D894942B2406A76 /* AntDesign.ttf */ = {isa = PBXFileReference; name = "AntDesign.ttf"; path = "../assets/fonts/AntDesign.ttf"; sourceTree = "<group>"; fileEncoding = undefined; lastKnownFileType = unknown; explicitFileType = undefined; includeInIndex = 0; };
		129874270ABB487BBFE74C90 /* Entypo.ttf */ = {isa = PBXFileReference; name = "Entypo.ttf"; path = "../assets/fonts/Entypo.ttf"; sourceTree = "<group>"; fileEncoding = undefined; lastKnownFileType = unknown; explicitFileType = undefined; includeInIndex = 0; };
		5E423FE9C31D48CF9E982A89 /* EvilIcons.ttf */ = {isa = PBXFileReference; name = "EvilIcons.ttf"; path = "../assets/fonts/EvilIcons.ttf"; sourceTree = "<group>"; fileEncoding = undefined; lastKnownFileType = unknown; explicitFileType = undefined; includeInIndex = 0; };
		AEF8C722E2074A0894557DD3 /* Feather.ttf */ = {isa = PBXFileReference; name = "Feather.ttf"; path = "../assets/fonts/Feather.ttf"; sourceTree = "<group>"; fileEncoding = undefined; lastKnownFileType = unknown; explicitFileType = undefined; includeInIndex = 0; };
		82BB69C47A0B40758C280E0B /* FontAwesome.ttf */ = {isa = PBXFileReference; name = "FontAwesome.ttf"; path = "../assets/fonts/FontAwesome.ttf"; sourceTree = "<group>"; fileEncoding = undefined; lastKnownFileType = unknown; explicitFileType = undefined; includeInIndex = 0; };
		6850AB781268463681AF8F9B /* FontAwesome5_Brands.ttf */ = {isa = PBXFileReference; name = "FontAwesome5_Brands.ttf"; path = "../assets/fonts/FontAwesome5_Brands.ttf"; sourceTree = "<group>"; fileEncoding = undefined; lastKnownFileType = unknown; explicitFileType = undefined; includeInIndex = 0; };
		53E649B8A4704214904E870A /* FontAwesome5_Regular.ttf */ = {isa = PBXFileReference; name = "FontAwesome5_Regular.ttf"; path = "../assets/fonts/FontAwesome5_Regular.ttf"; sourceTree = "<group>"; fileEncoding = undefined; lastKnownFileType = unknown; explicitFileType = undefined; includeInIndex = 0; };
		844B5950B1524A91B5C8F89F /* FontAwesome5_Solid.ttf */ = {isa = PBXFileReference; name = "FontAwesome5_Solid.ttf"; path = "../assets/fonts/FontAwesome5_Solid.ttf"; sourceTree = "<group>"; fileEncoding = undefined; lastKnownFileType = unknown; explicitFileType = undefined; includeInIndex = 0; };
		B5C9B54EEA59474CAE9EEE4B /* Fontisto.ttf */ = {isa = PBXFileReference; name = "Fontisto.ttf"; path = "../assets/fonts/Fontisto.ttf"; sourceTree = "<group>"; fileEncoding = undefined; lastKnownFileType = unknown; explicitFileType = undefined; includeInIndex = 0; };
		9ED6DFA8D30344FA96E16E77 /* Foundation.ttf */ = {isa = PBXFileReference; name = "Foundation.ttf"; path = "../assets/fonts/Foundation.ttf"; sourceTree = "<group>"; fileEncoding = undefined; lastKnownFileType = unknown; explicitFileType = undefined; includeInIndex = 0; };
		996E6C52E5A64BB991C828EE /* Ionicons.ttf */ = {isa = PBXFileReference; name = "Ionicons.ttf"; path = "../assets/fonts/Ionicons.ttf"; sourceTree = "<group>"; fileEncoding = undefined; lastKnownFileType = unknown; explicitFileType = undefined; includeInIndex = 0; };
		7858C3C80CFC473391271DA2 /* MaterialCommunityIcons.ttf */ = {isa = PBXFileReference; name = "MaterialCommunityIcons.ttf"; path = "../assets/fonts/MaterialCommunityIcons.ttf"; sourceTree = "<group>"; fileEncoding = undefined; lastKnownFileType = unknown; explicitFileType = undefined; includeInIndex = 0; };
		5DB8BFBA2DAD4D7D89C992A5 /* MaterialIcons.ttf */ = {isa = PBXFileReference; name = "MaterialIcons.ttf"; path = "../assets/fonts/MaterialIcons.ttf"; sourceTree = "<group>"; fileEncoding = undefined; lastKnownFileType = unknown; explicitFileType = undefined; includeInIndex = 0; };
		EBE41E4502814B43B115E970 /* Montserrat-Black.ttf */ = {isa = PBXFileReference; name = "Montserrat-Black.ttf"; path = "../assets/fonts/Montserrat-Black.ttf"; sourceTree = "<group>"; fileEncoding = undefined; lastKnownFileType = unknown; explicitFileType = undefined; includeInIndex = 0; };
		1D7EEADD017C4C3EA0753174 /* Montserrat-BlackItalic.ttf */ = {isa = PBXFileReference; name = "Montserrat-BlackItalic.ttf"; path = "../assets/fonts/Montserrat-BlackItalic.ttf"; sourceTree = "<group>"; fileEncoding = undefined; lastKnownFileType = unknown; explicitFileType = undefined; includeInIndex = 0; };
		2B9A8E28B0D54750999B5D62 /* Montserrat-Bold.ttf */ = {isa = PBXFileReference; name = "Montserrat-Bold.ttf"; path = "../assets/fonts/Montserrat-Bold.ttf"; sourceTree = "<group>"; fileEncoding = undefined; lastKnownFileType = unknown; explicitFileType = undefined; includeInIndex = 0; };
		31F687248CBE41F183692D48 /* Montserrat-BoldItalic.ttf */ = {isa = PBXFileReference; name = "Montserrat-BoldItalic.ttf"; path = "../assets/fonts/Montserrat-BoldItalic.ttf"; sourceTree = "<group>"; fileEncoding = undefined; lastKnownFileType = unknown; explicitFileType = undefined; includeInIndex = 0; };
		3BAFB836B1AA4E9E99E7E1CA /* Montserrat-ExtraBold.ttf */ = {isa = PBXFileReference; name = "Montserrat-ExtraBold.ttf"; path = "../assets/fonts/Montserrat-ExtraBold.ttf"; sourceTree = "<group>"; fileEncoding = undefined; lastKnownFileType = unknown; explicitFileType = undefined; includeInIndex = 0; };
		9B8F8676CF8C44DAA223F9F3 /* Montserrat-ExtraBoldItalic.ttf */ = {isa = PBXFileReference; name = "Montserrat-ExtraBoldItalic.ttf"; path = "../assets/fonts/Montserrat-ExtraBoldItalic.ttf"; sourceTree = "<group>"; fileEncoding = undefined; lastKnownFileType = unknown; explicitFileType = undefined; includeInIndex = 0; };
		E819CE68B4C2474AB87BA062 /* Montserrat-ExtraLight.ttf */ = {isa = PBXFileReference; name = "Montserrat-ExtraLight.ttf"; path = "../assets/fonts/Montserrat-ExtraLight.ttf"; sourceTree = "<group>"; fileEncoding = undefined; lastKnownFileType = unknown; explicitFileType = undefined; includeInIndex = 0; };
		274E254982134E97A81F5BA3 /* Montserrat-ExtraLightItalic.ttf */ = {isa = PBXFileReference; name = "Montserrat-ExtraLightItalic.ttf"; path = "../assets/fonts/Montserrat-ExtraLightItalic.ttf"; sourceTree = "<group>"; fileEncoding = undefined; lastKnownFileType = unknown; explicitFileType = undefined; includeInIndex = 0; };
		64268C922180495DB203C9CF /* Montserrat-Italic.ttf */ = {isa = PBXFileReference; name = "Montserrat-Italic.ttf"; path = "../assets/fonts/Montserrat-Italic.ttf"; sourceTree = "<group>"; fileEncoding = undefined; lastKnownFileType = unknown; explicitFileType = undefined; includeInIndex = 0; };
		4705290E26884881AE5CE79B /* Montserrat-Light.ttf */ = {isa = PBXFileReference; name = "Montserrat-Light.ttf"; path = "../assets/fonts/Montserrat-Light.ttf"; sourceTree = "<group>"; fileEncoding = undefined; lastKnownFileType = unknown; explicitFileType = undefined; includeInIndex = 0; };
		B86900EC99804117A0898564 /* Montserrat-LightItalic.ttf */ = {isa = PBXFileReference; name = "Montserrat-LightItalic.ttf"; path = "../assets/fonts/Montserrat-LightItalic.ttf"; sourceTree = "<group>"; fileEncoding = undefined; lastKnownFileType = unknown; explicitFileType = undefined; includeInIndex = 0; };
		A774609D70014107A71764CC /* Montserrat-Medium.ttf */ = {isa = PBXFileReference; name = "Montserrat-Medium.ttf"; path = "../assets/fonts/Montserrat-Medium.ttf"; sourceTree = "<group>"; fileEncoding = undefined; lastKnownFileType = unknown; explicitFileType = undefined; includeInIndex = 0; };
		61ED3C2FDF0A43A7B346A1F8 /* Montserrat-MediumItalic.ttf */ = {isa = PBXFileReference; name = "Montserrat-MediumItalic.ttf"; path = "../assets/fonts/Montserrat-MediumItalic.ttf"; sourceTree = "<group>"; fileEncoding = undefined; lastKnownFileType = unknown; explicitFileType = undefined; includeInIndex = 0; };
		B936E579A458477190843E35 /* Montserrat-Regular.ttf */ = {isa = PBXFileReference; name = "Montserrat-Regular.ttf"; path = "../assets/fonts/Montserrat-Regular.ttf"; sourceTree = "<group>"; fileEncoding = undefined; lastKnownFileType = unknown; explicitFileType = undefined; includeInIndex = 0; };
		81D256FC275E4BA793401994 /* Montserrat-SemiBold.ttf */ = {isa = PBXFileReference; name = "Montserrat-SemiBold.ttf"; path = "../assets/fonts/Montserrat-SemiBold.ttf"; sourceTree = "<group>"; fileEncoding = undefined; lastKnownFileType = unknown; explicitFileType = undefined; includeInIndex = 0; };
		F8EB91EB238F44B2BE40DCAF /* Montserrat-SemiBoldItalic.ttf */ = {isa = PBXFileReference; name = "Montserrat-SemiBoldItalic.ttf"; path = "../assets/fonts/Montserrat-SemiBoldItalic.ttf"; sourceTree = "<group>"; fileEncoding = undefined; lastKnownFileType = unknown; explicitFileType = undefined; includeInIndex = 0; };
		5F4E4B647A394397926C1BF4 /* Montserrat-Thin.ttf */ = {isa = PBXFileReference; name = "Montserrat-Thin.ttf"; path = "../assets/fonts/Montserrat-Thin.ttf"; sourceTree = "<group>"; fileEncoding = undefined; lastKnownFileType = unknown; explicitFileType = undefined; includeInIndex = 0; };
		B92463A9948F41D8A2FAA99B /* Montserrat-ThinItalic.ttf */ = {isa = PBXFileReference; name = "Montserrat-ThinItalic.ttf"; path = "../assets/fonts/Montserrat-ThinItalic.ttf"; sourceTree = "<group>"; fileEncoding = undefined; lastKnownFileType = unknown; explicitFileType = undefined; includeInIndex = 0; };
		97CC7FCBFEA24CDD9A7DA55E /* Octicons.ttf */ = {isa = PBXFileReference; name = "Octicons.ttf"; path = "../assets/fonts/Octicons.ttf"; sourceTree = "<group>"; fileEncoding = undefined; lastKnownFileType = unknown; explicitFileType = undefined; includeInIndex = 0; };
		D928304613614B5F92DC78AB /* SimpleLineIcons.ttf */ = {isa = PBXFileReference; name = "SimpleLineIcons.ttf"; path = "../assets/fonts/SimpleLineIcons.ttf"; sourceTree = "<group>"; fileEncoding = undefined; lastKnownFileType = unknown; explicitFileType = undefined; includeInIndex = 0; };
		AAC2BADA7DAB41C09D43EEBA /* Zocial.ttf */ = {isa = PBXFileReference; name = "Zocial.ttf"; path = "../assets/fonts/Zocial.ttf"; sourceTree = "<group>"; fileEncoding = undefined; lastKnownFileType = unknown; explicitFileType = undefined; includeInIndex = 0; };
/* End PBXFileReference section */

/* Begin PBXFrameworksBuildPhase section */
		00E356EB1AD99517003FC87E /* Frameworks */ = {
			isa = PBXFrameworksBuildPhase;
			buildActionMask = 2147483647;
			files = (
				93411CA9C2C77A23499EDCD5 /* libPods-ThePeoplesJewellery-ThePeoplesJewelleryTests.a in Frameworks */,
			);
			runOnlyForDeploymentPostprocessing = 0;
		};
		13B07F8C1A680F5B00A75B9A /* Frameworks */ = {
			isa = PBXFrameworksBuildPhase;
			buildActionMask = 2147483647;
			files = (
				CEE336E576A7DBDE6E21F112 /* libPods-ThePeoplesJewellery.a in Frameworks */,
			);
			runOnlyForDeploymentPostprocessing = 0;
		};
/* End PBXFrameworksBuildPhase section */

/* Begin PBXGroup section */
		00E356EF1AD99517003FC87E /* ThePeoplesJewelleryTests */ = {
			isa = PBXGroup;
			children = (
				00E356F21AD99517003FC87E /* ThePeoplesJewelleryTests.m */,
				00E356F01AD99517003FC87E /* Supporting Files */,
			);
			path = ThePeoplesJewelleryTests;
			sourceTree = "<group>";
		};
		00E356F01AD99517003FC87E /* Supporting Files */ = {
			isa = PBXGroup;
			children = (
				00E356F11AD99517003FC87E /* Info.plist */,
			);
			name = "Supporting Files";
			sourceTree = "<group>";
		};
		13B07FAE1A68108700A75B9A /* ThePeoplesJewellery */ = {
			isa = PBXGroup;
			children = (
				13B07FAF1A68108700A75B9A /* AppDelegate.h */,
				13B07FB01A68108700A75B9A /* AppDelegate.mm */,
				13B07FB51A68108700A75B9A /* Images.xcassets */,
				13B07FB61A68108700A75B9A /* Info.plist */,
				81AB9BB72411601600AC10FF /* LaunchScreen.storyboard */,
				13B07FB71A68108700A75B9A /* main.m */,
			);
			name = ThePeoplesJewellery;
			sourceTree = "<group>";
		};
		167337EC4AA741C1BE35FEC0 /* Resources */ = {
			isa = PBXGroup;
			children = (
				BCF9D4AA8D7F4D0CB0D6A685 /* Montserrat-Black.ttf */,
				1B62CF10B355481C913D0FD5 /* Montserrat-BlackItalic.ttf */,
				4A1DA45CF6CC495B84626244 /* Montserrat-Bold.ttf */,
				A54C0399710E409ABF375578 /* Montserrat-BoldItalic.ttf */,
				4CC0DAC8BFB94210B1DC7466 /* Montserrat-ExtraBold.ttf */,
				86EA00AA963E4BBAB4563D6C /* Montserrat-ExtraBoldItalic.ttf */,
				DB74E19310294678864D35BF /* Montserrat-ExtraLight.ttf */,
				0951DC03794749BDBA35C1F4 /* Montserrat-ExtraLightItalic.ttf */,
				A676BB7A880C442A872115C8 /* Montserrat-Italic.ttf */,
				3489DCFFA67747C68BD105B5 /* Montserrat-Light.ttf */,
				E5D5C0FCC496484E818EF2B5 /* Montserrat-LightItalic.ttf */,
				104AEC7E60EA4C208DFC64A1 /* Montserrat-Medium.ttf */,
				899EFCB837524E2180ED19F1 /* Montserrat-MediumItalic.ttf */,
				04C85FF21F1E4F12990E34CF /* Montserrat-Regular.ttf */,
				4CEB1B4D31894C4E91F6C3E9 /* Montserrat-SemiBold.ttf */,
				5AE476BC1E2645BEBC31DF5A /* Montserrat-SemiBoldItalic.ttf */,
				965A485A971D4CCD9D89903C /* Montserrat-Thin.ttf */,
				51D10D9F9AE64D5DAB8A5F46 /* Montserrat-ThinItalic.ttf */,
				02148A1A4846460388A86FA9 /* AntDesign.ttf */,
				E334A3FC86384B8B8524D02D /* Entypo.ttf */,
				D2E25815054148098CD9ED9F /* EvilIcons.ttf */,
				F259C825D40A442988AA596B /* Feather.ttf */,
				46E1C507E9ED400BB4C184EF /* FontAwesome.ttf */,
				D360325CBB47499DB283C559 /* FontAwesome5_Brands.ttf */,
				7F0764D5AF214A768F803485 /* FontAwesome5_Regular.ttf */,
				25850F4E6F4747C0AC4D02C6 /* FontAwesome5_Solid.ttf */,
				98AE39FC80994FCDA29F97D1 /* Fontisto.ttf */,
				74BC15A403D44074BDE82122 /* Foundation.ttf */,
				8A32DBFC83684991ACDEFFE7 /* Ionicons.ttf */,
				836E3B93C8E84C3C95A37432 /* MaterialCommunityIcons.ttf */,
				83093805C3054A3D8FF6C91C /* MaterialIcons.ttf */,
				2FE42AEC412341E98691AC95 /* Octicons.ttf */,
				7F3639C9A1BE4D7687D987BD /* SimpleLineIcons.ttf */,
				FD32744C0D484038BBB3AEC9 /* Zocial.ttf */,
				7B6022A51D894942B2406A76 /* AntDesign.ttf */,
				129874270ABB487BBFE74C90 /* Entypo.ttf */,
				5E423FE9C31D48CF9E982A89 /* EvilIcons.ttf */,
				AEF8C722E2074A0894557DD3 /* Feather.ttf */,
				82BB69C47A0B40758C280E0B /* FontAwesome.ttf */,
				6850AB781268463681AF8F9B /* FontAwesome5_Brands.ttf */,
				53E649B8A4704214904E870A /* FontAwesome5_Regular.ttf */,
				844B5950B1524A91B5C8F89F /* FontAwesome5_Solid.ttf */,
				B5C9B54EEA59474CAE9EEE4B /* Fontisto.ttf */,
				9ED6DFA8D30344FA96E16E77 /* Foundation.ttf */,
				996E6C52E5A64BB991C828EE /* Ionicons.ttf */,
				7858C3C80CFC473391271DA2 /* MaterialCommunityIcons.ttf */,
				5DB8BFBA2DAD4D7D89C992A5 /* MaterialIcons.ttf */,
				EBE41E4502814B43B115E970 /* Montserrat-Black.ttf */,
				1D7EEADD017C4C3EA0753174 /* Montserrat-BlackItalic.ttf */,
				2B9A8E28B0D54750999B5D62 /* Montserrat-Bold.ttf */,
				31F687248CBE41F183692D48 /* Montserrat-BoldItalic.ttf */,
				3BAFB836B1AA4E9E99E7E1CA /* Montserrat-ExtraBold.ttf */,
				9B8F8676CF8C44DAA223F9F3 /* Montserrat-ExtraBoldItalic.ttf */,
				E819CE68B4C2474AB87BA062 /* Montserrat-ExtraLight.ttf */,
				274E254982134E97A81F5BA3 /* Montserrat-ExtraLightItalic.ttf */,
				64268C922180495DB203C9CF /* Montserrat-Italic.ttf */,
				4705290E26884881AE5CE79B /* Montserrat-Light.ttf */,
				B86900EC99804117A0898564 /* Montserrat-LightItalic.ttf */,
				A774609D70014107A71764CC /* Montserrat-Medium.ttf */,
				61ED3C2FDF0A43A7B346A1F8 /* Montserrat-MediumItalic.ttf */,
				B936E579A458477190843E35 /* Montserrat-Regular.ttf */,
				81D256FC275E4BA793401994 /* Montserrat-SemiBold.ttf */,
				F8EB91EB238F44B2BE40DCAF /* Montserrat-SemiBoldItalic.ttf */,
				5F4E4B647A394397926C1BF4 /* Montserrat-Thin.ttf */,
				B92463A9948F41D8A2FAA99B /* Montserrat-ThinItalic.ttf */,
				97CC7FCBFEA24CDD9A7DA55E /* Octicons.ttf */,
				D928304613614B5F92DC78AB /* SimpleLineIcons.ttf */,
				AAC2BADA7DAB41C09D43EEBA /* Zocial.ttf */,
			);
			name = Resources;
			sourceTree = "<group>";
		};
		2D16E6871FA4F8E400B85C8A /* Frameworks */ = {
			isa = PBXGroup;
			children = (
				ED297162215061F000B7C4FE /* JavaScriptCore.framework */,
				04908B62B4F7FFEE19C4F042 /* libPods-ThePeoplesJewellery.a */,
				6E53E89D4721149F09959E67 /* libPods-ThePeoplesJewellery-ThePeoplesJewelleryTests.a */,
			);
			name = Frameworks;
			sourceTree = "<group>";
		};
		832341AE1AAA6A7D00B99B32 /* Libraries */ = {
			isa = PBXGroup;
			children = (
			);
			name = Libraries;
			sourceTree = "<group>";
		};
		83CBB9F61A601CBA00E9B192 = {
			isa = PBXGroup;
			children = (
				13B07FAE1A68108700A75B9A /* ThePeoplesJewellery */,
				832341AE1AAA6A7D00B99B32 /* Libraries */,
				00E356EF1AD99517003FC87E /* ThePeoplesJewelleryTests */,
				83CBBA001A601CBA00E9B192 /* Products */,
				2D16E6871FA4F8E400B85C8A /* Frameworks */,
				BBD78D7AC51CEA395F1C20DB /* Pods */,
				167337EC4AA741C1BE35FEC0 /* Resources */,
			);
			indentWidth = 2;
			sourceTree = "<group>";
			tabWidth = 2;
			usesTabs = 0;
		};
		83CBBA001A601CBA00E9B192 /* Products */ = {
			isa = PBXGroup;
			children = (
				13B07F961A680F5B00A75B9A /* ThePeoplesJewellery.app */,
				00E356EE1AD99517003FC87E /* ThePeoplesJewelleryTests.xctest */,
			);
			name = Products;
			sourceTree = "<group>";
		};
		BBD78D7AC51CEA395F1C20DB /* Pods */ = {
			isa = PBXGroup;
			children = (
				D3E2268A97174CA9806C98B1 /* Pods-ThePeoplesJewellery.debug.xcconfig */,
				FF8DEE6452E13B6CCE7C5403 /* Pods-ThePeoplesJewellery.release.xcconfig */,
				ABD7A7EB58E214C7BECAEDA4 /* Pods-ThePeoplesJewellery-ThePeoplesJewelleryTests.debug.xcconfig */,
				FE6F7860B66E9DA832664EC4 /* Pods-ThePeoplesJewellery-ThePeoplesJewelleryTests.release.xcconfig */,
			);
			path = Pods;
			sourceTree = "<group>";
		};
/* End PBXGroup section */

/* Begin PBXNativeTarget section */
		00E356ED1AD99517003FC87E /* ThePeoplesJewelleryTests */ = {
			isa = PBXNativeTarget;
			buildConfigurationList = 00E357021AD99517003FC87E /* Build configuration list for PBXNativeTarget "ThePeoplesJewelleryTests" */;
			buildPhases = (
				A2373CD816470DEF147E2244 /* [CP] Check Pods Manifest.lock */,
				00E356EA1AD99517003FC87E /* Sources */,
				00E356EB1AD99517003FC87E /* Frameworks */,
				00E356EC1AD99517003FC87E /* Resources */,
				806DE6F22462084B130F34A4 /* [CP] Embed Pods Frameworks */,
				30F6F140B7E6592BCBCCB85B /* [CP] Copy Pods Resources */,
			);
			buildRules = (
			);
			dependencies = (
				00E356F51AD99517003FC87E /* PBXTargetDependency */,
			);
			name = ThePeoplesJewelleryTests;
			productName = ThePeoplesJewelleryTests;
			productReference = 00E356EE1AD99517003FC87E /* ThePeoplesJewelleryTests.xctest */;
			productType = "com.apple.product-type.bundle.unit-test";
		};
		13B07F861A680F5B00A75B9A /* ThePeoplesJewellery */ = {
			isa = PBXNativeTarget;
			buildConfigurationList = 13B07F931A680F5B00A75B9A /* Build configuration list for PBXNativeTarget "ThePeoplesJewellery" */;
			buildPhases = (
				5B7D7BA6A784508F552F7EFD /* [CP] Check Pods Manifest.lock */,
				FD10A7F022414F080027D42C /* Start Packager */,
				13B07F871A680F5B00A75B9A /* Sources */,
				13B07F8C1A680F5B00A75B9A /* Frameworks */,
				13B07F8E1A680F5B00A75B9A /* Resources */,
				00DD1BFF1BD5951E006B06BC /* Bundle React Native code and images */,
				BDF38B86C9C09BF6CB82A1EE /* [CP] Embed Pods Frameworks */,
				6E213C6E39420249667398EB /* [CP] Copy Pods Resources */,
			);
			buildRules = (
			);
			dependencies = (
			);
			name = ThePeoplesJewellery;
			productName = ThePeoplesJewellery;
			productReference = 13B07F961A680F5B00A75B9A /* ThePeoplesJewellery.app */;
			productType = "com.apple.product-type.application";
		};
/* End PBXNativeTarget section */

/* Begin PBXProject section */
		83CBB9F71A601CBA00E9B192 /* Project object */ = {
			isa = PBXProject;
			attributes = {
				LastUpgradeCheck = 1210;
				TargetAttributes = {
					00E356ED1AD99517003FC87E = {
						CreatedOnToolsVersion = 6.2;
						TestTargetID = 13B07F861A680F5B00A75B9A;
					};
					13B07F861A680F5B00A75B9A = {
						LastSwiftMigration = 1120;
					};
				};
			};
			buildConfigurationList = 83CBB9FA1A601CBA00E9B192 /* Build configuration list for PBXProject "ThePeoplesJewellery" */;
			compatibilityVersion = "Xcode 12.0";
			developmentRegion = en;
			hasScannedForEncodings = 0;
			knownRegions = (
				en,
				Base,
			);
			mainGroup = 83CBB9F61A601CBA00E9B192;
			productRefGroup = 83CBBA001A601CBA00E9B192 /* Products */;
			projectDirPath = "";
			projectRoot = "";
			targets = (
				13B07F861A680F5B00A75B9A /* ThePeoplesJewellery */,
				00E356ED1AD99517003FC87E /* ThePeoplesJewelleryTests */,
			);
		};
/* End PBXProject section */

/* Begin PBXResourcesBuildPhase section */
		00E356EC1AD99517003FC87E /* Resources */ = {
			isa = PBXResourcesBuildPhase;
			buildActionMask = 2147483647;
			files = (
			);
			runOnlyForDeploymentPostprocessing = 0;
		};
		13B07F8E1A680F5B00A75B9A /* Resources */ = {
			isa = PBXResourcesBuildPhase;
			buildActionMask = 2147483647;
			files = (
				81AB9BB82411601600AC10FF /* LaunchScreen.storyboard in Resources */,
				13B07FBF1A68108700A75B9A /* Images.xcassets in Resources */,
				BCD6F97091C74D389026D3B1 /* AntDesign.ttf in Resources */,
				58DB0E55854D4950B90BFD93 /* Entypo.ttf in Resources */,
				4A9C4C994A8F4E17BD408F2F /* EvilIcons.ttf in Resources */,
				D2B9C9CA8BAE4CAFA1E76AEF /* Feather.ttf in Resources */,
				93BFB757131048C38CD69076 /* FontAwesome.ttf in Resources */,
				B619CF0C19C84C1FAA5C256F /* FontAwesome5_Brands.ttf in Resources */,
				4F5925D4AAC44372AAE2F831 /* FontAwesome5_Regular.ttf in Resources */,
				508AB0A7B57C430187C00B22 /* FontAwesome5_Solid.ttf in Resources */,
				9DEE71FC357D4CD7A1E0E5C6 /* Fontisto.ttf in Resources */,
				42B3C5D7951541D4B1C2375F /* Foundation.ttf in Resources */,
				3A92A43D5C814682BF241408 /* Ionicons.ttf in Resources */,
				3945E688A0D948ABA67035E2 /* MaterialCommunityIcons.ttf in Resources */,
				B757BA9C28B549A59E456C4B /* MaterialIcons.ttf in Resources */,
				72EC6145CF634012A99FFFD1 /* Montserrat-Black.ttf in Resources */,
				258EB0408F654C0C8F6C89CC /* Montserrat-BlackItalic.ttf in Resources */,
				4FA38D6C469D4781B28F1CAD /* Montserrat-Bold.ttf in Resources */,
				00F52CF33EB642A8AEA2517A /* Montserrat-BoldItalic.ttf in Resources */,
				EBC662743C914D6AB44925F1 /* Montserrat-ExtraBold.ttf in Resources */,
				6265BE182B9745938EB7878C /* Montserrat-ExtraBoldItalic.ttf in Resources */,
				B82ACE387ED24D1680C96DC6 /* Montserrat-ExtraLight.ttf in Resources */,
				D830452AB08648A2888FCDE2 /* Montserrat-ExtraLightItalic.ttf in Resources */,
				5F36E8A9121946D2BB203FD7 /* Montserrat-Italic.ttf in Resources */,
				DE669BD9A9D745C5A116A0B1 /* Montserrat-Light.ttf in Resources */,
				F16351ED08D94D43A8377C80 /* Montserrat-LightItalic.ttf in Resources */,
				B28F483222204581A0EFFAEA /* Montserrat-Medium.ttf in Resources */,
				B87E6DD3E8D748A1AA3AEEFA /* Montserrat-MediumItalic.ttf in Resources */,
				90E14F521A7C4700B586B519 /* Montserrat-Regular.ttf in Resources */,
				5F35A5A17B004B99AB7844D4 /* Montserrat-SemiBold.ttf in Resources */,
				B4BDAF13EF774F38A2C42EBD /* Montserrat-SemiBoldItalic.ttf in Resources */,
				81FAA359E2B046B5A3157C2D /* Montserrat-Thin.ttf in Resources */,
				04E8BE410C444068A0779E1F /* Montserrat-ThinItalic.ttf in Resources */,
				A4C2EEB7F7FF45158A8AB182 /* Octicons.ttf in Resources */,
				458B9BC19FDE48E1B08F81DF /* SimpleLineIcons.ttf in Resources */,
				DBE08557BD614B2EAA9D1430 /* Zocial.ttf in Resources */,
			);
			runOnlyForDeploymentPostprocessing = 0;
		};
/* End PBXResourcesBuildPhase section */

/* Begin PBXShellScriptBuildPhase section */
		00DD1BFF1BD5951E006B06BC /* Bundle React Native code and images */ = {
			isa = PBXShellScriptBuildPhase;
			buildActionMask = 2147483647;
			files = (
			);
			inputPaths = (
			);
			name = "Bundle React Native code and images";
			outputPaths = (
			);
			runOnlyForDeploymentPostprocessing = 0;
			shellPath = /bin/sh;
			shellScript = "set -e\n\nexport NODE_BINARY=node\n../node_modules/react-native/scripts/react-native-xcode.sh\n";
		};
		30F6F140B7E6592BCBCCB85B /* [CP] Copy Pods Resources */ = {
			isa = PBXShellScriptBuildPhase;
			buildActionMask = 2147483647;
			files = (
			);
			inputFileListPaths = (
				"${PODS_ROOT}/Target Support Files/Pods-ThePeoplesJewellery-ThePeoplesJewelleryTests/Pods-ThePeoplesJewellery-ThePeoplesJewelleryTests-resources-${CONFIGURATION}-input-files.xcfilelist",
			);
			name = "[CP] Copy Pods Resources";
			outputFileListPaths = (
				"${PODS_ROOT}/Target Support Files/Pods-ThePeoplesJewellery-ThePeoplesJewelleryTests/Pods-ThePeoplesJewellery-ThePeoplesJewelleryTests-resources-${CONFIGURATION}-output-files.xcfilelist",
			);
			runOnlyForDeploymentPostprocessing = 0;
			shellPath = /bin/sh;
			shellScript = "\"${PODS_ROOT}/Target Support Files/Pods-ThePeoplesJewellery-ThePeoplesJewelleryTests/Pods-ThePeoplesJewellery-ThePeoplesJewelleryTests-resources.sh\"\n";
			showEnvVarsInLog = 0;
		};
		5B7D7BA6A784508F552F7EFD /* [CP] Check Pods Manifest.lock */ = {
			isa = PBXShellScriptBuildPhase;
			buildActionMask = 2147483647;
			files = (
			);
			inputFileListPaths = (
			);
			inputPaths = (
				"${PODS_PODFILE_DIR_PATH}/Podfile.lock",
				"${PODS_ROOT}/Manifest.lock",
			);
			name = "[CP] Check Pods Manifest.lock";
			outputFileListPaths = (
			);
			outputPaths = (
				"$(DERIVED_FILE_DIR)/Pods-ThePeoplesJewellery-checkManifestLockResult.txt",
			);
			runOnlyForDeploymentPostprocessing = 0;
			shellPath = /bin/sh;
			shellScript = "diff \"${PODS_PODFILE_DIR_PATH}/Podfile.lock\" \"${PODS_ROOT}/Manifest.lock\" > /dev/null\nif [ $? != 0 ] ; then\n    # print error to STDERR\n    echo \"error: The sandbox is not in sync with the Podfile.lock. Run 'pod install' or update your CocoaPods installation.\" >&2\n    exit 1\nfi\n# This output is used by Xcode 'outputs' to avoid re-running this script phase.\necho \"SUCCESS\" > \"${SCRIPT_OUTPUT_FILE_0}\"\n";
			showEnvVarsInLog = 0;
		};
		6E213C6E39420249667398EB /* [CP] Copy Pods Resources */ = {
			isa = PBXShellScriptBuildPhase;
			buildActionMask = 2147483647;
			files = (
			);
			inputFileListPaths = (
				"${PODS_ROOT}/Target Support Files/Pods-ThePeoplesJewellery/Pods-ThePeoplesJewellery-resources-${CONFIGURATION}-input-files.xcfilelist",
			);
			name = "[CP] Copy Pods Resources";
			outputFileListPaths = (
				"${PODS_ROOT}/Target Support Files/Pods-ThePeoplesJewellery/Pods-ThePeoplesJewellery-resources-${CONFIGURATION}-output-files.xcfilelist",
			);
			runOnlyForDeploymentPostprocessing = 0;
			shellPath = /bin/sh;
			shellScript = "\"${PODS_ROOT}/Target Support Files/Pods-ThePeoplesJewellery/Pods-ThePeoplesJewellery-resources.sh\"\n";
			showEnvVarsInLog = 0;
		};
		806DE6F22462084B130F34A4 /* [CP] Embed Pods Frameworks */ = {
			isa = PBXShellScriptBuildPhase;
			buildActionMask = 2147483647;
			files = (
			);
			inputFileListPaths = (
				"${PODS_ROOT}/Target Support Files/Pods-ThePeoplesJewellery-ThePeoplesJewelleryTests/Pods-ThePeoplesJewellery-ThePeoplesJewelleryTests-frameworks-${CONFIGURATION}-input-files.xcfilelist",
			);
			name = "[CP] Embed Pods Frameworks";
			outputFileListPaths = (
				"${PODS_ROOT}/Target Support Files/Pods-ThePeoplesJewellery-ThePeoplesJewelleryTests/Pods-ThePeoplesJewellery-ThePeoplesJewelleryTests-frameworks-${CONFIGURATION}-output-files.xcfilelist",
			);
			runOnlyForDeploymentPostprocessing = 0;
			shellPath = /bin/sh;
			shellScript = "\"${PODS_ROOT}/Target Support Files/Pods-ThePeoplesJewellery-ThePeoplesJewelleryTests/Pods-ThePeoplesJewellery-ThePeoplesJewelleryTests-frameworks.sh\"\n";
			showEnvVarsInLog = 0;
		};
		A2373CD816470DEF147E2244 /* [CP] Check Pods Manifest.lock */ = {
			isa = PBXShellScriptBuildPhase;
			buildActionMask = 2147483647;
			files = (
			);
			inputFileListPaths = (
			);
			inputPaths = (
				"${PODS_PODFILE_DIR_PATH}/Podfile.lock",
				"${PODS_ROOT}/Manifest.lock",
			);
			name = "[CP] Check Pods Manifest.lock";
			outputFileListPaths = (
			);
			outputPaths = (
				"$(DERIVED_FILE_DIR)/Pods-ThePeoplesJewellery-ThePeoplesJewelleryTests-checkManifestLockResult.txt",
			);
			runOnlyForDeploymentPostprocessing = 0;
			shellPath = /bin/sh;
			shellScript = "diff \"${PODS_PODFILE_DIR_PATH}/Podfile.lock\" \"${PODS_ROOT}/Manifest.lock\" > /dev/null\nif [ $? != 0 ] ; then\n    # print error to STDERR\n    echo \"error: The sandbox is not in sync with the Podfile.lock. Run 'pod install' or update your CocoaPods installation.\" >&2\n    exit 1\nfi\n# This output is used by Xcode 'outputs' to avoid re-running this script phase.\necho \"SUCCESS\" > \"${SCRIPT_OUTPUT_FILE_0}\"\n";
			showEnvVarsInLog = 0;
		};
		BDF38B86C9C09BF6CB82A1EE /* [CP] Embed Pods Frameworks */ = {
			isa = PBXShellScriptBuildPhase;
			buildActionMask = 2147483647;
			files = (
			);
			inputFileListPaths = (
				"${PODS_ROOT}/Target Support Files/Pods-ThePeoplesJewellery/Pods-ThePeoplesJewellery-frameworks-${CONFIGURATION}-input-files.xcfilelist",
			);
			name = "[CP] Embed Pods Frameworks";
			outputFileListPaths = (
				"${PODS_ROOT}/Target Support Files/Pods-ThePeoplesJewellery/Pods-ThePeoplesJewellery-frameworks-${CONFIGURATION}-output-files.xcfilelist",
			);
			runOnlyForDeploymentPostprocessing = 0;
			shellPath = /bin/sh;
			shellScript = "\"${PODS_ROOT}/Target Support Files/Pods-ThePeoplesJewellery/Pods-ThePeoplesJewellery-frameworks.sh\"\n";
			showEnvVarsInLog = 0;
		};
		FD10A7F022414F080027D42C /* Start Packager */ = {
			isa = PBXShellScriptBuildPhase;
			buildActionMask = 2147483647;
			files = (
			);
			inputFileListPaths = (
			);
			inputPaths = (
			);
			name = "Start Packager";
			outputFileListPaths = (
			);
			outputPaths = (
			);
			runOnlyForDeploymentPostprocessing = 0;
			shellPath = /bin/sh;
			shellScript = "export RCT_METRO_PORT=\"${RCT_METRO_PORT:=8081}\"\necho \"export RCT_METRO_PORT=${RCT_METRO_PORT}\" > \"${SRCROOT}/../node_modules/react-native/scripts/.packager.env\"\nif [ -z \"${RCT_NO_LAUNCH_PACKAGER+xxx}\" ] ; then\n  if nc -w 5 -z localhost ${RCT_METRO_PORT} ; then\n    if ! curl -s \"http://localhost:${RCT_METRO_PORT}/status\" | grep -q \"packager-status:running\" ; then\n      echo \"Port ${RCT_METRO_PORT} already in use, packager is either not running or not running correctly\"\n      exit 2\n    fi\n  else\n    open \"$SRCROOT/../node_modules/react-native/scripts/launchPackager.command\" || echo \"Can't start packager automatically\"\n  fi\nfi\n";
			showEnvVarsInLog = 0;
		};
/* End PBXShellScriptBuildPhase section */

/* Begin PBXSourcesBuildPhase section */
		00E356EA1AD99517003FC87E /* Sources */ = {
			isa = PBXSourcesBuildPhase;
			buildActionMask = 2147483647;
			files = (
				00E356F31AD99517003FC87E /* ThePeoplesJewelleryTests.m in Sources */,
			);
			runOnlyForDeploymentPostprocessing = 0;
		};
		13B07F871A680F5B00A75B9A /* Sources */ = {
			isa = PBXSourcesBuildPhase;
			buildActionMask = 2147483647;
			files = (
				13B07FBC1A68108700A75B9A /* AppDelegate.mm in Sources */,
				13B07FC11A68108700A75B9A /* main.m in Sources */,
			);
			runOnlyForDeploymentPostprocessing = 0;
		};
/* End PBXSourcesBuildPhase section */

/* Begin PBXTargetDependency section */
		00E356F51AD99517003FC87E /* PBXTargetDependency */ = {
			isa = PBXTargetDependency;
			target = 13B07F861A680F5B00A75B9A /* ThePeoplesJewellery */;
			targetProxy = 00E356F41AD99517003FC87E /* PBXContainerItemProxy */;
		};
/* End PBXTargetDependency section */

/* Begin XCBuildConfiguration section */
		00E356F61AD99517003FC87E /* Debug */ = {
			isa = XCBuildConfiguration;
			baseConfigurationReference = ABD7A7EB58E214C7BECAEDA4 /* Pods-ThePeoplesJewellery-ThePeoplesJewelleryTests.debug.xcconfig */;
			buildSettings = {
				BUNDLE_LOADER = "$(TEST_HOST)";
				"CODE_SIGN_IDENTITY[sdk=macosx*]" = "Apple Development";
				DEVELOPMENT_TEAM = NC839D2N7J;
				GCC_PREPROCESSOR_DEFINITIONS = (
					"DEBUG=1",
					"$(inherited)",
				);
				HEADER_SEARCH_PATHS = "$(inherited)";
				INFOPLIST_FILE = ThePeoplesJewelleryTests/Info.plist;
				IPHONEOS_DEPLOYMENT_TARGET = 11.0;
				LD_RUNPATH_SEARCH_PATHS = (
					"$(inherited)",
					"@executable_path/Frameworks",
					"@loader_path/Frameworks",
				);
				OTHER_LDFLAGS = (
					"-ObjC",
					"-lc++",
					"$(inherited)",
				);
				PRODUCT_BUNDLE_IDENTIFIER = "org.reactjs.native.example.$(PRODUCT_NAME:rfc1034identifier)";
				PRODUCT_NAME = "$(TARGET_NAME)";
				TEST_HOST = "$(BUILT_PRODUCTS_DIR)/ThePeoplesJewellery.app/ThePeoplesJewellery";
			};
			name = Debug;
		};
		00E356F71AD99517003FC87E /* Release */ = {
			isa = XCBuildConfiguration;
			baseConfigurationReference = FE6F7860B66E9DA832664EC4 /* Pods-ThePeoplesJewellery-ThePeoplesJewelleryTests.release.xcconfig */;
			buildSettings = {
				BUNDLE_LOADER = "$(TEST_HOST)";
				COPY_PHASE_STRIP = NO;
				DEVELOPMENT_TEAM = NC839D2N7J;
				HEADER_SEARCH_PATHS = "$(inherited)";
				INFOPLIST_FILE = ThePeoplesJewelleryTests/Info.plist;
				IPHONEOS_DEPLOYMENT_TARGET = 11.0;
				LD_RUNPATH_SEARCH_PATHS = (
					"$(inherited)",
					"@executable_path/Frameworks",
					"@loader_path/Frameworks",
				);
				OTHER_LDFLAGS = (
					"-ObjC",
					"-lc++",
					"$(inherited)",
				);
				PRODUCT_BUNDLE_IDENTIFIER = "org.reactjs.native.example.$(PRODUCT_NAME:rfc1034identifier)";
				PRODUCT_NAME = "$(TARGET_NAME)";
				TEST_HOST = "$(BUILT_PRODUCTS_DIR)/ThePeoplesJewellery.app/ThePeoplesJewellery";
			};
			name = Release;
		};
		13B07F941A680F5B00A75B9A /* Debug */ = {
			isa = XCBuildConfiguration;
			baseConfigurationReference = D3E2268A97174CA9806C98B1 /* Pods-ThePeoplesJewellery.debug.xcconfig */;
			buildSettings = {
				ASSETCATALOG_COMPILER_APPICON_NAME = AppIcon;
				CLANG_ENABLE_MODULES = YES;
				CODE_SIGN_IDENTITY = "Apple Development";
				"CODE_SIGN_IDENTITY[sdk=iphoneos*]" = "Apple Development";
				CURRENT_PROJECT_VERSION = 1;
				DEVELOPMENT_TEAM = NC839D2N7J;
				ENABLE_BITCODE = NO;
				HEADER_SEARCH_PATHS = "$(inherited)";
				INFOPLIST_FILE = ThePeoplesJewellery/Info.plist;
				LD_RUNPATH_SEARCH_PATHS = (
					"$(inherited)",
					"@executable_path/Frameworks",
				);
				MARKETING_VERSION = 1.0.1;
				OTHER_LDFLAGS = (
					"$(inherited)",
					"-ObjC",
					"-lc++",
				);
				PRODUCT_BUNDLE_IDENTIFIER = "org.reactjs.native.example.$(PRODUCT_NAME:rfc1034identifier)";
				PRODUCT_NAME = ThePeoplesJewellery;
				SWIFT_OPTIMIZATION_LEVEL = "-Onone";
				SWIFT_VERSION = 5.0;
				VERSIONING_SYSTEM = "apple-generic";
			};
			name = Debug;
		};
		13B07F951A680F5B00A75B9A /* Release */ = {
			isa = XCBuildConfiguration;
			baseConfigurationReference = FF8DEE6452E13B6CCE7C5403 /* Pods-ThePeoplesJewellery.release.xcconfig */;
			buildSettings = {
				ASSETCATALOG_COMPILER_APPICON_NAME = AppIcon;
				CLANG_ENABLE_MODULES = YES;
				CURRENT_PROJECT_VERSION = 1;
				DEVELOPMENT_TEAM = NC839D2N7J;
				HEADER_SEARCH_PATHS = "$(inherited)";
				INFOPLIST_FILE = ThePeoplesJewellery/Info.plist;
				LD_RUNPATH_SEARCH_PATHS = (
					"$(inherited)",
					"@executable_path/Frameworks",
				);
				MARKETING_VERSION = 1.0.1;
				OTHER_LDFLAGS = (
					"$(inherited)",
					"-ObjC",
					"-lc++",
				);
				PRODUCT_BUNDLE_IDENTIFIER = "org.reactjs.native.example.$(PRODUCT_NAME:rfc1034identifier)";
				PRODUCT_NAME = ThePeoplesJewellery;
				SWIFT_VERSION = 5.0;
				VERSIONING_SYSTEM = "apple-generic";
			};
			name = Release;
		};
		83CBBA201A601CBA00E9B192 /* Debug */ = {
			isa = XCBuildConfiguration;
			buildSettings = {
				ALWAYS_SEARCH_USER_PATHS = NO;
				CLANG_ANALYZER_LOCALIZABILITY_NONLOCALIZED = YES;
				CLANG_CXX_LANGUAGE_STANDARD = "c++17";
				CLANG_CXX_LIBRARY = "libc++";
				CLANG_ENABLE_MODULES = YES;
				CLANG_ENABLE_OBJC_ARC = YES;
				CLANG_WARN_BLOCK_CAPTURE_AUTORELEASING = YES;
				CLANG_WARN_BOOL_CONVERSION = YES;
				CLANG_WARN_COMMA = YES;
				CLANG_WARN_CONSTANT_CONVERSION = YES;
				CLANG_WARN_DEPRECATED_OBJC_IMPLEMENTATIONS = YES;
				CLANG_WARN_DIRECT_OBJC_ISA_USAGE = YES_ERROR;
				CLANG_WARN_EMPTY_BODY = YES;
				CLANG_WARN_ENUM_CONVERSION = YES;
				CLANG_WARN_INFINITE_RECURSION = YES;
				CLANG_WARN_INT_CONVERSION = YES;
				CLANG_WARN_NON_LITERAL_NULL_CONVERSION = YES;
				CLANG_WARN_OBJC_IMPLICIT_RETAIN_SELF = YES;
				CLANG_WARN_OBJC_LITERAL_CONVERSION = YES;
				CLANG_WARN_OBJC_ROOT_CLASS = YES_ERROR;
				CLANG_WARN_QUOTED_INCLUDE_IN_FRAMEWORK_HEADER = YES;
				CLANG_WARN_RANGE_LOOP_ANALYSIS = YES;
				CLANG_WARN_STRICT_PROTOTYPES = YES;
				CLANG_WARN_SUSPICIOUS_MOVE = YES;
				CLANG_WARN_UNREACHABLE_CODE = YES;
				CLANG_WARN__DUPLICATE_METHOD_MATCH = YES;
				CODE_SIGN_IDENTITY = "Apple Development: Sandeep Pamnani (QY5HAZ2YA5)";
				"CODE_SIGN_IDENTITY[sdk=iphoneos*]" = "Apple Development";
				COPY_PHASE_STRIP = NO;
				ENABLE_STRICT_OBJC_MSGSEND = YES;
				ENABLE_TESTABILITY = YES;
				"EXCLUDED_ARCHS[sdk=iphonesimulator*]" = "";
				GCC_C_LANGUAGE_STANDARD = gnu99;
				GCC_DYNAMIC_NO_PIC = NO;
				GCC_NO_COMMON_BLOCKS = YES;
				GCC_OPTIMIZATION_LEVEL = 0;
				GCC_PREPROCESSOR_DEFINITIONS = (
					"DEBUG=1",
					"$(inherited)",
				);
				GCC_SYMBOLS_PRIVATE_EXTERN = NO;
				GCC_WARN_64_TO_32_BIT_CONVERSION = YES;
				GCC_WARN_ABOUT_RETURN_TYPE = YES_ERROR;
				GCC_WARN_UNDECLARED_SELECTOR = YES;
				GCC_WARN_UNINITIALIZED_AUTOS = YES_AGGRESSIVE;
				GCC_WARN_UNUSED_FUNCTION = YES;
				GCC_WARN_UNUSED_VARIABLE = YES;
				IPHONEOS_DEPLOYMENT_TARGET = 11.0;
				LD_RUNPATH_SEARCH_PATHS = (
					/usr/lib/swift,
					"$(inherited)",
				);
				LIBRARY_SEARCH_PATHS = (
					"\"$(SDKROOT)/usr/lib/swift\"",
					"\"$(TOOLCHAIN_DIR)/usr/lib/swift/$(PLATFORM_NAME)\"",
					"\"$(inherited)\"",
				);
				MTL_ENABLE_DEBUG_INFO = YES;
				ONLY_ACTIVE_ARCH = YES;
				OTHER_CPLUSPLUSFLAGS = (
					"$(OTHER_CFLAGS)",
					"-DFOLLY_NO_CONFIG",
					"-DFOLLY_MOBILE=1",
					"-DFOLLY_USE_LIBCPP=1",
				);
				SDKROOT = iphoneos;
			};
			name = Debug;
		};
		83CBBA211A601CBA00E9B192 /* Release */ = {
			isa = XCBuildConfiguration;
			buildSettings = {
				ALWAYS_SEARCH_USER_PATHS = NO;
				CLANG_ANALYZER_LOCALIZABILITY_NONLOCALIZED = YES;
				CLANG_CXX_LANGUAGE_STANDARD = "c++17";
				CLANG_CXX_LIBRARY = "libc++";
				CLANG_ENABLE_MODULES = YES;
				CLANG_ENABLE_OBJC_ARC = YES;
				CLANG_WARN_BLOCK_CAPTURE_AUTORELEASING = YES;
				CLANG_WARN_BOOL_CONVERSION = YES;
				CLANG_WARN_COMMA = YES;
				CLANG_WARN_CONSTANT_CONVERSION = YES;
				CLANG_WARN_DEPRECATED_OBJC_IMPLEMENTATIONS = YES;
				CLANG_WARN_DIRECT_OBJC_ISA_USAGE = YES_ERROR;
				CLANG_WARN_EMPTY_BODY = YES;
				CLANG_WARN_ENUM_CONVERSION = YES;
				CLANG_WARN_INFINITE_RECURSION = YES;
				CLANG_WARN_INT_CONVERSION = YES;
				CLANG_WARN_NON_LITERAL_NULL_CONVERSION = YES;
				CLANG_WARN_OBJC_IMPLICIT_RETAIN_SELF = YES;
				CLANG_WARN_OBJC_LITERAL_CONVERSION = YES;
				CLANG_WARN_OBJC_ROOT_CLASS = YES_ERROR;
				CLANG_WARN_QUOTED_INCLUDE_IN_FRAMEWORK_HEADER = YES;
				CLANG_WARN_RANGE_LOOP_ANALYSIS = YES;
				CLANG_WARN_STRICT_PROTOTYPES = YES;
				CLANG_WARN_SUSPICIOUS_MOVE = YES;
				CLANG_WARN_UNREACHABLE_CODE = YES;
				CLANG_WARN__DUPLICATE_METHOD_MATCH = YES;
				"CODE_SIGN_IDENTITY[sdk=iphoneos*]" = "iPhone Developer";
				COPY_PHASE_STRIP = YES;
				ENABLE_NS_ASSERTIONS = NO;
				ENABLE_STRICT_OBJC_MSGSEND = YES;
				"EXCLUDED_ARCHS[sdk=iphonesimulator*]" = "";
				GCC_C_LANGUAGE_STANDARD = gnu99;
				GCC_NO_COMMON_BLOCKS = YES;
				GCC_WARN_64_TO_32_BIT_CONVERSION = YES;
				GCC_WARN_ABOUT_RETURN_TYPE = YES_ERROR;
				GCC_WARN_UNDECLARED_SELECTOR = YES;
				GCC_WARN_UNINITIALIZED_AUTOS = YES_AGGRESSIVE;
				GCC_WARN_UNUSED_FUNCTION = YES;
				GCC_WARN_UNUSED_VARIABLE = YES;
				IPHONEOS_DEPLOYMENT_TARGET = 11.0;
				LD_RUNPATH_SEARCH_PATHS = /usr/lib/swift;
				LIBRARY_SEARCH_PATHS = (
					"\"$(SDKROOT)/usr/lib/swift\"",
					"\"$(TOOLCHAIN_DIR)/usr/lib/swift/$(PLATFORM_NAME)\"",
					"\"$(inherited)\"",
				);
				MTL_ENABLE_DEBUG_INFO = NO;
				OTHER_CPLUSPLUSFLAGS = (
					"$(OTHER_CFLAGS)",
					"-DFOLLY_NO_CONFIG",
					"-DFOLLY_MOBILE=1",
					"-DFOLLY_USE_LIBCPP=1",
				);
				SDKROOT = iphoneos;
				VALIDATE_PRODUCT = YES;
			};
			name = Release;
		};
/* End XCBuildConfiguration section */

/* Begin XCConfigurationList section */
		00E357021AD99517003FC87E /* Build configuration list for PBXNativeTarget "ThePeoplesJewelleryTests" */ = {
			isa = XCConfigurationList;
			buildConfigurations = (
				00E356F61AD99517003FC87E /* Debug */,
				00E356F71AD99517003FC87E /* Release */,
			);
			defaultConfigurationIsVisible = 0;
			defaultConfigurationName = Release;
		};
		13B07F931A680F5B00A75B9A /* Build configuration list for PBXNativeTarget "ThePeoplesJewellery" */ = {
			isa = XCConfigurationList;
			buildConfigurations = (
				13B07F941A680F5B00A75B9A /* Debug */,
				13B07F951A680F5B00A75B9A /* Release */,
			);
			defaultConfigurationIsVisible = 0;
			defaultConfigurationName = Release;
		};
		83CBB9FA1A601CBA00E9B192 /* Build configuration list for PBXProject "ThePeoplesJewellery" */ = {
			isa = XCConfigurationList;
			buildConfigurations = (
				83CBBA201A601CBA00E9B192 /* Debug */,
				83CBBA211A601CBA00E9B192 /* Release */,
			);
			defaultConfigurationIsVisible = 0;
			defaultConfigurationName = Release;
		};
/* End XCConfigurationList section */
	};
	rootObject = 83CBB9F71A601CBA00E9B192 /* Project object */;
}
